SITE
  remote: https://supermarket.getchef.com/api/v1
  specs:
    apt (2.7.0)
    build-essential (2.2.3)
    chef_handler (1.2.0)
    dmg (2.2.2)
    git (4.3.4)
      build-essential (>= 0.0.0)
      dmg (>= 0.0.0)
      windows (>= 0.0.0)
      yum-epel (>= 0.0.0)
    locale (1.0.2)
    python (1.4.6)
      build-essential (>= 0.0.0)
      yum-epel (>= 0.0.0)
    sudo (2.7.2)
    users (1.8.2)
    windows (1.38.1)
      chef_handler (>= 0.0.0)
    yum (3.6.0)
    yum-epel (0.6.0)
      yum (~> 3.0)

GIT
  remote: https://github.com/chef-brigade/mongodb-cookbook.git
  ref: master
  sha: 642a7cd35f5d9e0a669429b4c3f94f284f8821b8
  specs:
    mongodb (0.16.3)
      apt (>= 1.8.2)
      python (>= 0.0.0)
      yum (>= 3.0)

DEPENDENCIES
  apt (~> 2.7.0)
  build-essential (~> 2.2.3)
  git (~> 4.3.3)
  locale (~> 1.0.2)
  mongodb (>= 0)
  sudo (~> 2.7.2)
  users (~> 1.8.2)

